
Microsoft Visual Studio Solution File, Format Version 12.00
# Visual Studio Version 17
VisualStudioVersion = 17.5.002.0
MinimumVisualStudioVersion = 10.0.40219.1
Project("{9A19103F-16F7-4668-BE54-9A1E7A4F7556}") = "Web-Development", "Web-Development.csproj", "{933B84D8-6262-4165-B005-8AC43C7C303E}"
EndProject
Global
	GlobalSection(SolutionConfigurationPlatforms) = preSolution
		Debug|Any CPU = Debug|Any CPU
		Release|Any CPU = Release|Any CPU
	EndGlobalSection
	GlobalSection(ProjectConfigurationPlatforms) = postSolution
		{933B84D8-6262-4165-B005-8AC43C7C303E}.Debug|Any CPU.ActiveCfg = Debug|Any CPU
		{933B84D8-6262-4165-B005-8AC43C7C303E}.Debug|Any CPU.Build.0 = Debug|Any CPU
		{933B84D8-6262-4165-B005-8AC43C7C303E}.Release|Any CPU.ActiveCfg = Release|Any CPU
		{933B84D8-6262-4165-B005-8AC43C7C303E}.Release|Any CPU.Build.0 = Release|Any CPU
	EndGlobalSection
	GlobalSection(SolutionProperties) = preSolution
		HideSolutionNode = FALSE
	EndGlobalSection
	GlobalSection(ExtensibilityGlobals) = postSolution
		SolutionGuid = {A3CE0AF5-F8A2-4D19-8FC1-888CF62B0BC2}
	EndGlobalSection
EndGlobal
